
Microsoft Visual Studio Solution File, Format Version 12.00
# Visual Studio Version 17
VisualStudioVersion = 17.14.37614.0 d17.14
MinimumVisualStudioVersion = 10.0.40219.1
Project("{FAE04EC0-301F-11D3-BF4B-00C04F79EFBC}") = "AzureScannerPoc", "..\AzureScannerPoc.csproj", "{A1FB93CD-C9BB-15DE-3662-04462405B340}"
EndProject
Global
	GlobalSection(SolutionConfigurationPlatforms) = preSolution
		Debug|Any CPU = Debug|Any CPU
		Release|Any CPU = Release|Any CPU
	EndGlobalSection
	GlobalSection(ProjectConfigurationPlatforms) = postSolution
		{A1FB93CD-C9BB-15DE-3662-04462405B340}.Debug|Any CPU.ActiveCfg = Debug|Any CPU
		{A1FB93CD-C9BB-15DE-3662-04462405B340}.Debug|Any CPU.Build.0 = Debug|Any CPU
		{A1FB93CD-C9BB-15DE-3662-04462405B340}.Release|Any CPU.ActiveCfg = Release|Any CPU
		{A1FB93CD-C9BB-15DE-3662-04462405B340}.Release|Any CPU.Build.0 = Release|Any CPU
	EndGlobalSection
	GlobalSection(SolutionProperties) = preSolution
		HideSolutionNode = FALSE
	EndGlobalSection
	GlobalSection(ExtensibilityGlobals) = postSolution
		SolutionGuid = {51B2FDB4-6EA8-4454-9CD2-358CF22559FC}
	EndGlobalSection
EndGlobal
